{
  "requires": true,
  "lockfileVersion": 1,
  "dependencies": {
    "applest-atem": {
      "version": "0.2.4",
      "resolved": "https://registry.npmjs.org/applest-atem/-/applest-atem-0.2.4.tgz",
      "integrity": "sha1-wBydoh/hf13Lm15ICaytzoMV6OY=",
      "requires": {
        "async": "^1.3.0",
        "pngjs": "^2.3.1"
      }
    },
    "async": {
      "version": "1.5.2",
      "resolved": "https://registry.npmjs.org/async/-/async-1.5.2.tgz",
      "integrity": "sha1-7GphrlZIDAw8skHJVhjiCJL5Zyo="
    },
    "pngjs": {
      "version": "2.3.1",
      "resolved": "https://registry.npmjs.org/pngjs/-/pngjs-2.3.1.tgz",
      "integrity": "sha1-EdHhK5y2TWPjDBQ6Mw9MH1Z9qF8="
    }
  }
}
